
Microsoft Visual Studio Solution File, Format Version 12.00
# Visual Studio Version 16
VisualStudioVersion = 16.0.28922.388
MinimumVisualStudioVersion = 10.0.40219.1
Project("{8BC9CEB8-8B4A-11D0-8D11-00A0C91BC942}") = "Champollion", "Champollion\Champollion.vcxproj", "{F8E821D1-34C5-452C-AADF-5468D2BBED14}"
EndProject
Project("{FAE04EC0-301F-11D3-BF4B-00C04F79EFBC}") = "ChampollionManagedTests", "ChampollionManagedTests\ChampollionManagedTests.csproj", "{24D893C7-13A1-46A3-8AC1-90B348C7E904}"
EndProject
Project("{8BC9CEB8-8B4A-11D0-8D11-00A0C91BC942}") = "ChampollionManaged", "ChampollionManaged\ChampollionManaged.vcxproj", "{B56ACCD1-90B7-491C-9159-8859DC171C6A}"
EndProject
Global
	GlobalSection(SolutionConfigurationPlatforms) = preSolution
		Debug|Any CPU = Debug|Any CPU
		Debug|x64 = Debug|x64
		Debug|x86 = Debug|x86
		Release|Any CPU = Release|Any CPU
		Release|x64 = Release|x64
		Release|x86 = Release|x86
	EndGlobalSection
	GlobalSection(ProjectConfigurationPlatforms) = postSolution
		{F8E821D1-34C5-452C-AADF-5468D2BBED14}.Debug|Any CPU.ActiveCfg = Debug|Win32
		{F8E821D1-34C5-452C-AADF-5468D2BBED14}.Debug|x64.ActiveCfg = Debug|x64
		{F8E821D1-34C5-452C-AADF-5468D2BBED14}.Debug|x64.Build.0 = Debug|x64
		{F8E821D1-34C5-452C-AADF-5468D2BBED14}.Debug|x86.ActiveCfg = Debug|Win32
		{F8E821D1-34C5-452C-AADF-5468D2BBED14}.Debug|x86.Build.0 = Debug|Win32
		{F8E821D1-34C5-452C-AADF-5468D2BBED14}.Release|Any CPU.ActiveCfg = Release|Win32
		{F8E821D1-34C5-452C-AADF-5468D2BBED14}.Release|x64.ActiveCfg = Release|x64
		{F8E821D1-34C5-452C-AADF-5468D2BBED14}.Release|x64.Build.0 = Release|x64
		{F8E821D1-34C5-452C-AADF-5468D2BBED14}.Release|x86.ActiveCfg = Release|Win32
		{F8E821D1-34C5-452C-AADF-5468D2BBED14}.Release|x86.Build.0 = Release|Win32
		{24D893C7-13A1-46A3-8AC1-90B348C7E904}.Debug|Any CPU.ActiveCfg = Debug|Any CPU
		{24D893C7-13A1-46A3-8AC1-90B348C7E904}.Debug|Any CPU.Build.0 = Debug|Any CPU
		{24D893C7-13A1-46A3-8AC1-90B348C7E904}.Debug|x64.ActiveCfg = Debug|x64
		{24D893C7-13A1-46A3-8AC1-90B348C7E904}.Debug|x64.Build.0 = Debug|x64
		{24D893C7-13A1-46A3-8AC1-90B348C7E904}.Debug|x86.ActiveCfg = Debug|x86
		{24D893C7-13A1-46A3-8AC1-90B348C7E904}.Debug|x86.Build.0 = Debug|x86
		{24D893C7-13A1-46A3-8AC1-90B348C7E904}.Release|Any CPU.ActiveCfg = Release|Any CPU
		{24D893C7-13A1-46A3-8AC1-90B348C7E904}.Release|Any CPU.Build.0 = Release|Any CPU
		{24D893C7-13A1-46A3-8AC1-90B348C7E904}.Release|x64.ActiveCfg = Release|x64
		{24D893C7-13A1-46A3-8AC1-90B348C7E904}.Release|x64.Build.0 = Release|x64
		{24D893C7-13A1-46A3-8AC1-90B348C7E904}.Release|x86.ActiveCfg = Release|x86
		{24D893C7-13A1-46A3-8AC1-90B348C7E904}.Release|x86.Build.0 = Release|x86
		{B56ACCD1-90B7-491C-9159-8859DC171C6A}.Debug|Any CPU.ActiveCfg = Debug|Win32
		{B56ACCD1-90B7-491C-9159-8859DC171C6A}.Debug|x64.ActiveCfg = Debug|x64
		{B56ACCD1-90B7-491C-9159-8859DC171C6A}.Debug|x64.Build.0 = Debug|x64
		{B56ACCD1-90B7-491C-9159-8859DC171C6A}.Debug|x86.ActiveCfg = Debug|Win32
		{B56ACCD1-90B7-491C-9159-8859DC171C6A}.Debug|x86.Build.0 = Debug|Win32
		{B56ACCD1-90B7-491C-9159-8859DC171C6A}.Release|Any CPU.ActiveCfg = Release|Win32
		{B56ACCD1-90B7-491C-9159-8859DC171C6A}.Release|x64.ActiveCfg = Release|x64
		{B56ACCD1-90B7-491C-9159-8859DC171C6A}.Release|x64.Build.0 = Release|x64
		{B56ACCD1-90B7-491C-9159-8859DC171C6A}.Release|x86.ActiveCfg = Release|Win32
		{B56ACCD1-90B7-491C-9159-8859DC171C6A}.Release|x86.Build.0 = Release|Win32
	EndGlobalSection
	GlobalSection(SolutionProperties) = preSolution
		HideSolutionNode = FALSE
	EndGlobalSection
	GlobalSection(ExtensibilityGlobals) = postSolution
		SolutionGuid = {A2323407-2A75-48BC-AC73-C1FF6B522A63}
	EndGlobalSection
EndGlobal
